
Microsoft Visual Studio Solution File, Format Version 12.00
# Visual Studio 15
Project("{FAE04EC0-301F-11D3-BF4B-00C04F79EFBC}") = "Assembly-CSharp", "Assembly-CSharp.csproj", "{70133E30-9DFE-C013-32B1-9BC5F7823E97}"
EndProject
Project("{FAE04EC0-301F-11D3-BF4B-00C04F79EFBC}") = "Assembly-CSharp-firstpass", "Assembly-CSharp-firstpass.csproj", "{1FC0BDD7-CBD0-D422-F309-8D20EA54DAE3}"
EndProject
Project("{FAE04EC0-301F-11D3-BF4B-00C04F79EFBC}") = "Assembly-CSharp-Editor", "Assembly-CSharp-Editor.csproj", "{5AE715CF-DDA4-DF42-8C94-2FAA019E0D67}"
EndProject
Project("{FAE04EC0-301F-11D3-BF4B-00C04F79EFBC}") = "Assembly-CSharp-Editor-firstpass", "Assembly-CSharp-Editor-firstpass.csproj", "{A3D9DCE2-876D-E386-99D9-2A27782F7B82}"
EndProject
Global
	GlobalSection(SolutionConfigurationPlatforms) = preSolution
		Debug|Any CPU = Debug|Any CPU
		Release|Any CPU = Release|Any CPU
	EndGlobalSection
	GlobalSection(ProjectConfigurationPlatforms) = postSolution
		{70133E30-9DFE-C013-32B1-9BC5F7823E97}.Debug|Any CPU.ActiveCfg = Debug|Any CPU
		{70133E30-9DFE-C013-32B1-9BC5F7823E97}.Debug|Any CPU.Build.0 = Debug|Any CPU
		{70133E30-9DFE-C013-32B1-9BC5F7823E97}.Release|Any CPU.ActiveCfg = Release|Any CPU
		{70133E30-9DFE-C013-32B1-9BC5F7823E97}.Release|Any CPU.Build.0 = Release|Any CPU
		{1FC0BDD7-CBD0-D422-F309-8D20EA54DAE3}.Debug|Any CPU.ActiveCfg = Debug|Any CPU
		{1FC0BDD7-CBD0-D422-F309-8D20EA54DAE3}.Debug|Any CPU.Build.0 = Debug|Any CPU
		{1FC0BDD7-CBD0-D422-F309-8D20EA54DAE3}.Release|Any CPU.ActiveCfg = Release|Any CPU
		{1FC0BDD7-CBD0-D422-F309-8D20EA54DAE3}.Release|Any CPU.Build.0 = Release|Any CPU
		{5AE715CF-DDA4-DF42-8C94-2FAA019E0D67}.Debug|Any CPU.ActiveCfg = Debug|Any CPU
		{5AE715CF-DDA4-DF42-8C94-2FAA019E0D67}.Debug|Any CPU.Build.0 = Debug|Any CPU
		{5AE715CF-DDA4-DF42-8C94-2FAA019E0D67}.Release|Any CPU.ActiveCfg = Release|Any CPU
		{5AE715CF-DDA4-DF42-8C94-2FAA019E0D67}.Release|Any CPU.Build.0 = Release|Any CPU
		{A3D9DCE2-876D-E386-99D9-2A27782F7B82}.Debug|Any CPU.ActiveCfg = Debug|Any CPU
		{A3D9DCE2-876D-E386-99D9-2A27782F7B82}.Debug|Any CPU.Build.0 = Debug|Any CPU
		{A3D9DCE2-876D-E386-99D9-2A27782F7B82}.Release|Any CPU.ActiveCfg = Release|Any CPU
		{A3D9DCE2-876D-E386-99D9-2A27782F7B82}.Release|Any CPU.Build.0 = Release|Any CPU
	EndGlobalSection
	GlobalSection(SolutionProperties) = preSolution
		HideSolutionNode = FALSE
	EndGlobalSection
EndGlobal
